
Microsoft Visual Studio Solution File, Format Version 12.00
# Visual Studio Version 16
VisualStudioVersion = 16.0.31613.86
MinimumVisualStudioVersion = 10.0.40219.1
Project("{FAE04EC0-301F-11D3-BF4B-00C04F79EFBC}") = "FileStorage", "FileStorage\FileStorage.csproj", "{657DF48A-FE3D-4C8E-87F7-BE96394CF351}"
EndProject
Project("{FAE04EC0-301F-11D3-BF4B-00C04F79EFBC}") = "DAL", "DAL\DAL.csproj", "{3ED390B6-F32F-4BA2-9D3B-84BB8201E46A}"
EndProject
Project("{FAE04EC0-301F-11D3-BF4B-00C04F79EFBC}") = "BLL", "BLL\BLL.csproj", "{70ACBC82-E930-481B-A72B-65A135904B09}"
EndProject
Global
	GlobalSection(SolutionConfigurationPlatforms) = preSolution
		Debug|Any CPU = Debug|Any CPU
		Release|Any CPU = Release|Any CPU
	EndGlobalSection
	GlobalSection(ProjectConfigurationPlatforms) = postSolution
		{657DF48A-FE3D-4C8E-87F7-BE96394CF351}.Debug|Any CPU.ActiveCfg = Debug|Any CPU
		{657DF48A-FE3D-4C8E-87F7-BE96394CF351}.Debug|Any CPU.Build.0 = Debug|Any CPU
		{657DF48A-FE3D-4C8E-87F7-BE96394CF351}.Release|Any CPU.ActiveCfg = Release|Any CPU
		{657DF48A-FE3D-4C8E-87F7-BE96394CF351}.Release|Any CPU.Build.0 = Release|Any CPU
		{3ED390B6-F32F-4BA2-9D3B-84BB8201E46A}.Debug|Any CPU.ActiveCfg = Debug|Any CPU
		{3ED390B6-F32F-4BA2-9D3B-84BB8201E46A}.Debug|Any CPU.Build.0 = Debug|Any CPU
		{3ED390B6-F32F-4BA2-9D3B-84BB8201E46A}.Release|Any CPU.ActiveCfg = Release|Any CPU
		{3ED390B6-F32F-4BA2-9D3B-84BB8201E46A}.Release|Any CPU.Build.0 = Release|Any CPU
		{70ACBC82-E930-481B-A72B-65A135904B09}.Debug|Any CPU.ActiveCfg = Debug|Any CPU
		{70ACBC82-E930-481B-A72B-65A135904B09}.Debug|Any CPU.Build.0 = Debug|Any CPU
		{70ACBC82-E930-481B-A72B-65A135904B09}.Release|Any CPU.ActiveCfg = Release|Any CPU
		{70ACBC82-E930-481B-A72B-65A135904B09}.Release|Any CPU.Build.0 = Release|Any CPU
	EndGlobalSection
	GlobalSection(SolutionProperties) = preSolution
		HideSolutionNode = FALSE
	EndGlobalSection
	GlobalSection(ExtensibilityGlobals) = postSolution
		SolutionGuid = {DD14C516-D698-4707-A2CF-98B3088F69F7}
	EndGlobalSection
EndGlobal
